
Microsoft Visual Studio Solution File, Format Version 12.00
# Visual Studio Version 17
VisualStudioVersion = 17.5.33627.172
MinimumVisualStudioVersion = 10.0.40219.1
Project("{FAE04EC0-301F-11D3-BF4B-00C04F79EFBC}") = "Rebar-LielMymon1", "Rebar-LielMymon1\Rebar-LielMymon1.csproj", "{0BD84DEC-7BC7-4FAE-8886-56E017468F22}"
EndProject
Project("{FAE04EC0-301F-11D3-BF4B-00C04F79EFBC}") = "MongoDataAccess", "MongoDataAccess\MongoDataAccess.csproj", "{E2F5264E-564C-4BE8-BE7A-E2DD7752E1FD}"
EndProject
Global
	GlobalSection(SolutionConfigurationPlatforms) = preSolution
		Debug|Any CPU = Debug|Any CPU
		Release|Any CPU = Release|Any CPU
	EndGlobalSection
	GlobalSection(ProjectConfigurationPlatforms) = postSolution
		{0BD84DEC-7BC7-4FAE-8886-56E017468F22}.Debug|Any CPU.ActiveCfg = Debug|Any CPU
		{0BD84DEC-7BC7-4FAE-8886-56E017468F22}.Debug|Any CPU.Build.0 = Debug|Any CPU
		{0BD84DEC-7BC7-4FAE-8886-56E017468F22}.Release|Any CPU.ActiveCfg = Release|Any CPU
		{0BD84DEC-7BC7-4FAE-8886-56E017468F22}.Release|Any CPU.Build.0 = Release|Any CPU
		{E2F5264E-564C-4BE8-BE7A-E2DD7752E1FD}.Debug|Any CPU.ActiveCfg = Debug|Any CPU
		{E2F5264E-564C-4BE8-BE7A-E2DD7752E1FD}.Debug|Any CPU.Build.0 = Debug|Any CPU
		{E2F5264E-564C-4BE8-BE7A-E2DD7752E1FD}.Release|Any CPU.ActiveCfg = Release|Any CPU
		{E2F5264E-564C-4BE8-BE7A-E2DD7752E1FD}.Release|Any CPU.Build.0 = Release|Any CPU
	EndGlobalSection
	GlobalSection(SolutionProperties) = preSolution
		HideSolutionNode = FALSE
	EndGlobalSection
	GlobalSection(ExtensibilityGlobals) = postSolution
		SolutionGuid = {F3A33A4C-7CBB-439E-8DA9-0E797CF2AC63}
	EndGlobalSection
EndGlobal
